
Microsoft Visual Studio Solution File, Format Version 12.00
# Visual Studio Version 16
VisualStudioVersion = 16.0.29519.181
MinimumVisualStudioVersion = 10.0.40219.1
Project("{9A19103F-16F7-4668-BE54-9A1E7A4F7556}") = "FileConvert", "FileConvert\FileConvert.csproj", "{086ACF18-15B8-4EA1-9CEE-EEA5CF58DD98}"
EndProject
Project("{9A19103F-16F7-4668-BE54-9A1E7A4F7556}") = "FileConvert.Core", "FileConvert.Core\FileConvert.Core.csproj", "{D1BB28AA-C8EC-4AA8-BE38-F196E49A8D21}"
EndProject
Project("{9A19103F-16F7-4668-BE54-9A1E7A4F7556}") = "FileConvert.Infrastructure", "FileConvert.Infrastructure\FileConvert.Infrastructure.csproj", "{3A5A1BD7-561F-4576-91DD-A8B7E24EBEBF}"
EndProject
Project("{9A19103F-16F7-4668-BE54-9A1E7A4F7556}") = "FileConvert.UnitTests", "FileConvert.UnitTests\FileConvert.UnitTests.csproj", "{C0A4F955-C2E1-4790-A8DF-E92706DBAF98}"
EndProject
Project("{9A19103F-16F7-4668-BE54-9A1E7A4F7556}") = "FileConvert.UiTests", "FileConvert.UiTests\FileConvert.UiTests.csproj", "{89F89B90-166C-45C8-9E62-579852B4D205}"
EndProject
Project("{2150E333-8FDC-42A3-9474-1A3956D46DE8}") = "Tests", "Tests", "{0791D81E-99C2-43F1-B09D-E47698277E62}"
EndProject
Project("{2150E333-8FDC-42A3-9474-1A3956D46DE8}") = "Solution Items", "Solution Items", "{C36A65B9-982F-4138-BB9A-56F8AA1D0495}"
	ProjectSection(SolutionItems) = preProject
		bitbucket-pipelines.yml = bitbucket-pipelines.yml
		Jenkinsfile = Jenkinsfile
	EndProjectSection
EndProject
Global
	GlobalSection(SolutionConfigurationPlatforms) = preSolution
		Debug|Any CPU = Debug|Any CPU
		Release|Any CPU = Release|Any CPU
	EndGlobalSection
	GlobalSection(ProjectConfigurationPlatforms) = postSolution
		{086ACF18-15B8-4EA1-9CEE-EEA5CF58DD98}.Debug|Any CPU.ActiveCfg = Debug|Any CPU
		{086ACF18-15B8-4EA1-9CEE-EEA5CF58DD98}.Debug|Any CPU.Build.0 = Debug|Any CPU
		{086ACF18-15B8-4EA1-9CEE-EEA5CF58DD98}.Release|Any CPU.ActiveCfg = Release|Any CPU
		{086ACF18-15B8-4EA1-9CEE-EEA5CF58DD98}.Release|Any CPU.Build.0 = Release|Any CPU
		{D1BB28AA-C8EC-4AA8-BE38-F196E49A8D21}.Debug|Any CPU.ActiveCfg = Debug|Any CPU
		{D1BB28AA-C8EC-4AA8-BE38-F196E49A8D21}.Debug|Any CPU.Build.0 = Debug|Any CPU
		{D1BB28AA-C8EC-4AA8-BE38-F196E49A8D21}.Release|Any CPU.ActiveCfg = Release|Any CPU
		{D1BB28AA-C8EC-4AA8-BE38-F196E49A8D21}.Release|Any CPU.Build.0 = Release|Any CPU
		{3A5A1BD7-561F-4576-91DD-A8B7E24EBEBF}.Debug|Any CPU.ActiveCfg = Debug|Any CPU
		{3A5A1BD7-561F-4576-91DD-A8B7E24EBEBF}.Debug|Any CPU.Build.0 = Debug|Any CPU
		{3A5A1BD7-561F-4576-91DD-A8B7E24EBEBF}.Release|Any CPU.ActiveCfg = Release|Any CPU
		{3A5A1BD7-561F-4576-91DD-A8B7E24EBEBF}.Release|Any CPU.Build.0 = Release|Any CPU
		{C0A4F955-C2E1-4790-A8DF-E92706DBAF98}.Debug|Any CPU.ActiveCfg = Debug|Any CPU
		{C0A4F955-C2E1-4790-A8DF-E92706DBAF98}.Debug|Any CPU.Build.0 = Debug|Any CPU
		{C0A4F955-C2E1-4790-A8DF-E92706DBAF98}.Release|Any CPU.ActiveCfg = Release|Any CPU
		{C0A4F955-C2E1-4790-A8DF-E92706DBAF98}.Release|Any CPU.Build.0 = Release|Any CPU
		{89F89B90-166C-45C8-9E62-579852B4D205}.Debug|Any CPU.ActiveCfg = Debug|Any CPU
		{89F89B90-166C-45C8-9E62-579852B4D205}.Debug|Any CPU.Build.0 = Debug|Any CPU
		{89F89B90-166C-45C8-9E62-579852B4D205}.Release|Any CPU.ActiveCfg = Release|Any CPU
		{89F89B90-166C-45C8-9E62-579852B4D205}.Release|Any CPU.Build.0 = Release|Any CPU
	EndGlobalSection
	GlobalSection(SolutionProperties) = preSolution
		HideSolutionNode = FALSE
	EndGlobalSection
	GlobalSection(NestedProjects) = preSolution
		{C0A4F955-C2E1-4790-A8DF-E92706DBAF98} = {0791D81E-99C2-43F1-B09D-E47698277E62}
		{89F89B90-166C-45C8-9E62-579852B4D205} = {0791D81E-99C2-43F1-B09D-E47698277E62}
	EndGlobalSection
	GlobalSection(ExtensibilityGlobals) = postSolution
		SolutionGuid = {2FE385A3-0D55-4950-9E8E-58A03C7F9123}
	EndGlobalSection
EndGlobal
